{
  "name": "node-bootstrap.js",
  "version": "2.2.7",
  "lockfileVersion": 1,
  "requires": true,
  "dependencies": {
    "@rokid/core-cloud-logger": {
      "version": "2.3.1",
      "resolved": "http://homebase.dev.rokid-inc.com:4873/@rokid%2fcore-cloud-logger/-/core-cloud-logger-2.3.1.tgz",
      "integrity": "sha512-/aIBUfsoS2IVIp9i7FQkQVn+zNbaNM5QUFAMl5x1DpHdGM9gJHvSqYNi146xSKMxYT2fa4sF6AVJg7wN7/wHog==",
      "requires": {
        "@rokid/request-promise": "^3.1.0"
      }
    },
    "@rokid/httpdns": {
      "version": "1.0.0",
      "resolved": "http://homebase.dev.rokid-inc.com:4873/@rokid%2fhttpdns/-/httpdns-1.0.0.tgz",
      "integrity": "sha512-Hh4jzNPL8ewvj8J4whY+JBUcCplJCvWuTmG+Wl/JBEcG6I0n5d8nObxOPaZTFTc6Z8+eEmNTzqqDmXEli4eimw==",
      "requires": {
        "@rokid/request-promise": "^3.1.0"
      }
    },
    "@rokid/request-promise": {
      "version": "3.1.0",
      "resolved": "http://homebase.dev.rokid-inc.com:4873/@rokid%2frequest-promise/-/request-promise-3.1.0.tgz",
      "integrity": "sha512-cUYQJguXabTqs6a9WeS14DDlvACHc5qeeM7STQA6fZiYHXa0f8l94YClaliLrfuOBPRoJ3I3HLxm6sVEI3NLbw=="
    }
  }
}
