{
  "name": "node-bootstrap.js",
  "version": "2.2.4",
  "lockfileVersion": 1,
  "requires": true,
  "dependencies": {
    "@rokid/core-cloud-logger": {
      "version": "2.2.6",
      "resolved": "http://homebase.dev.rokid-inc.com:4873/@rokid%2fcore-cloud-logger/-/core-cloud-logger-2.2.6.tgz",
      "integrity": "sha512-60UZn/bF9iyp65anUzDi7KvBIiVDhH05Pf+RstdFsLyJZxj87bmZI5Yvp/L3wdtxs5mbzutfuSR0EiPW5vLVrw==",
      "requires": {
        "@rokid/request-promise": "3.1.0"
      }
    },
    "@rokid/httpdns": {
      "version": "1.0.0",
      "resolved": "http://homebase.dev.rokid-inc.com:4873/@rokid%2fhttpdns/-/httpdns-1.0.0.tgz",
      "integrity": "sha512-Hh4jzNPL8ewvj8J4whY+JBUcCplJCvWuTmG+Wl/JBEcG6I0n5d8nObxOPaZTFTc6Z8+eEmNTzqqDmXEli4eimw==",
      "requires": {
        "@rokid/request-promise": "3.1.0"
      }
    },
    "@rokid/request-promise": {
      "version": "3.1.0",
      "resolved": "http://homebase.dev.rokid-inc.com:4873/@rokid%2frequest-promise/-/request-promise-3.1.0.tgz",
      "integrity": "sha512-cUYQJguXabTqs6a9WeS14DDlvACHc5qeeM7STQA6fZiYHXa0f8l94YClaliLrfuOBPRoJ3I3HLxm6sVEI3NLbw=="
    }
  }
}
